
Microsoft Visual Studio Solution File, Format Version 12.00
# Visual Studio Version 16
VisualStudioVersion = 16.0.30011.22
MinimumVisualStudioVersion = 10.0.40219.1
Project("{FAE04EC0-301F-11D3-BF4B-00C04F79EFBC}") = "InputTweaker", "InputTweaker.csproj", "{9927F56D-144B-4914-A669-160DB645F2EF}"
EndProject
Global
	GlobalSection(SolutionConfigurationPlatforms) = preSolution
		Debug|Any CPU = Debug|Any CPU
		Release|Any CPU = Release|Any CPU
	EndGlobalSection
	GlobalSection(ProjectConfigurationPlatforms) = postSolution
		{9927F56D-144B-4914-A669-160DB645F2EF}.Debug|Any CPU.ActiveCfg = Debug|Any CPU
		{9927F56D-144B-4914-A669-160DB645F2EF}.Debug|Any CPU.Build.0 = Debug|Any CPU
		{9927F56D-144B-4914-A669-160DB645F2EF}.Release|Any CPU.ActiveCfg = Release|Any CPU
		{9927F56D-144B-4914-A669-160DB645F2EF}.Release|Any CPU.Build.0 = Release|Any CPU
	EndGlobalSection
	GlobalSection(SolutionProperties) = preSolution
		HideSolutionNode = FALSE
	EndGlobalSection
	GlobalSection(ExtensibilityGlobals) = postSolution
		SolutionGuid = {C96E0DB4-1821-4056-97F0-51B8A49CB51C}
	EndGlobalSection
EndGlobal
